{
  "buildHash": "942e4ae903c9901e1202598dc4e263bf",
  "jsApi": {
    "apiInstances": [],
    "apiAliases": {},
    "apiInterfaces": {},
    "apiNames": {
      "linkMadFilesToDomainWithPath": "String -> String -> String -> #[String, String]",
      "replaceMadlibFileByPattern": "String -> String -> String",
      "linkMadFilesToGithub": "String -> String -> #[String, String]",
      "hasSlash": "String -> Boolean",
      "hasMadlibFile": "String -> Boolean"
    },
    "apiTypes": {}
  },
  "llvmApi": {
    "apiInstances": [],
    "apiAliases": {},
    "apiInterfaces": {},
    "apiNames": {
      "linkMadFilesToDomainWithPath": "String -> String -> String -> #[String, String]",
      "replaceMadlibFileByPattern": "String -> String -> String",
      "linkMadFilesToGithub": "String -> String -> #[String, String]",
      "hasSlash": "String -> Boolean",
      "hasMadlibFile": "String -> Boolean"
    },
    "apiTypes": {}
  },
  "versionHash": "fbacc30a1f288ebf360ad2de66710082"
}
